
Microsoft Visual Studio Solution File, Format Version 12.00
# Visual Studio 15
Project("{FAE04EC0-301F-11D3-BF4B-00C04F79EFBC}") = "Orchestrate.Identity.API", "Orchestrate.Identity.API\Orchestrate.Identity.API.csproj", "{D05F8566-6E42-4A97-A88B-4F308733388D}"
EndProject
Project("{FAE04EC0-301F-11D3-BF4B-00C04F79EFBC}") = "Orchestrate.TaskManager.Web", "Orchestrate.TaskManager.Web\Orchestrate.TaskManager.Web.csproj", "{8E8D4FFA-8D26-4B38-8B41-679A238BBD9F}"
EndProject
Project("{FAE04EC0-301F-11D3-BF4B-00C04F79EFBC}") = "Orchestrate.TaskManager.API", "Orchestrate.TaskManager.API\Orchestrate.TaskManager.API.csproj", "{6770132D-4D39-41FE-A9A1-9DA09AE746CC}"
EndProject
Global
	GlobalSection(SolutionConfigurationPlatforms) = preSolution
		Debug|Any CPU = Debug|Any CPU
		Release|Any CPU = Release|Any CPU
	EndGlobalSection
	GlobalSection(ProjectConfigurationPlatforms) = postSolution
		{D05F8566-6E42-4A97-A88B-4F308733388D}.Debug|Any CPU.ActiveCfg = Debug|Any CPU
		{D05F8566-6E42-4A97-A88B-4F308733388D}.Debug|Any CPU.Build.0 = Debug|Any CPU
		{D05F8566-6E42-4A97-A88B-4F308733388D}.Release|Any CPU.ActiveCfg = Release|Any CPU
		{D05F8566-6E42-4A97-A88B-4F308733388D}.Release|Any CPU.Build.0 = Release|Any CPU
		{8E8D4FFA-8D26-4B38-8B41-679A238BBD9F}.Debug|Any CPU.ActiveCfg = Debug|Any CPU
		{8E8D4FFA-8D26-4B38-8B41-679A238BBD9F}.Debug|Any CPU.Build.0 = Debug|Any CPU
		{8E8D4FFA-8D26-4B38-8B41-679A238BBD9F}.Release|Any CPU.ActiveCfg = Release|Any CPU
		{8E8D4FFA-8D26-4B38-8B41-679A238BBD9F}.Release|Any CPU.Build.0 = Release|Any CPU
		{6770132D-4D39-41FE-A9A1-9DA09AE746CC}.Debug|Any CPU.ActiveCfg = Debug|Any CPU
		{6770132D-4D39-41FE-A9A1-9DA09AE746CC}.Debug|Any CPU.Build.0 = Debug|Any CPU
		{6770132D-4D39-41FE-A9A1-9DA09AE746CC}.Release|Any CPU.ActiveCfg = Release|Any CPU
		{6770132D-4D39-41FE-A9A1-9DA09AE746CC}.Release|Any CPU.Build.0 = Release|Any CPU
	EndGlobalSection
EndGlobal
